lockfileVersion: '9.0'

settings:
  autoInstallPeers: true
  excludeLinksFromLockfile: false

importers:

  .:
    dependencies:
      async:
        specifier: 1.5.2
        version: 1.5.2
      ip-range-check:
        specifier: 0.2.0
        version: 0.2.0
      localstorage-memory:
        specifier: 1.0.3
        version: 1.0.3
      native-dns:
        specifier: 0.7.0
        version: 0.7.0

packages:

  assert-plus@1.0.0:
    resolution: {integrity: sha512-NfJ4UzBCcQGLDlQq7nHxH+tv3kyZ0hHQqF5BO6J7tNJeP5do1llPr8dZ8zHonfhAu0PHAdMkSo+8o0wxg9lZWw==}
    engines: {node: '>=0.8'}

  async@1.5.2:
    resolution: {integrity: sha512-nSVgobk4rv61R9PUSDtYt7mPVB2olxNR5RWJcAsH676/ef11bUZwvu7+RGYrYauVdDPcO519v68wRhXQtxsV9w==}

  binaryheap@0.0.3:
    resolution: {integrity: sha512-9JFb4Yt5R9FZwbJaxOayF+T5sxn5eiU2NA9/LOeI1g2FUFRTdxpdmWppikO4O5AbNze8s0sL6ZuFxB1y4Ay8GA==}
    engines: {node: '>= 0.6.0'}

  buffercursor@0.0.12:
    resolution: {integrity: sha512-Z+6Jm/eW6ITeqcFQKVXX7LYIGk7rENqCKHJ4CbWfJMeLpQZJj1v70WehkLmp+1kFN/QyCgpQ3Z0dKUHAwSbf9w==}
    engines: {node: '>= 0.5.0'}

  core-util-is@1.0.2:
    resolution: {integrity: sha512-3lqz5YjWTYnW6dlDa5TLaTCcShfar1e40rmcJVwCBJC6mWlFuj0eCHIElmG1g5kyuJ/GD+8Wn4FFCcz4gJPfaQ==}

  extsprintf@1.4.1:
    resolution: {integrity: sha512-Wrk35e8ydCKDj/ArClo1VrPVmN8zph5V4AtHwIuHhvMXsKf73UT3BOD+azBIW+3wOJ4FhEH7zyaJCFvChjYvMA==}
    engines: {'0': node >=0.6.0}

  ip-range-check@0.2.0:
    resolution: {integrity: sha512-oaM3l/3gHbLlt/tCWLvt0mj1qUaI+STuRFnUvARGCujK9vvU61+2JsDpmkMzR4VsJhuFXWWgeKKVnwwoFfzCqw==}

  ipaddr.js@0.1.9:
    resolution: {integrity: sha512-dp0C1YYJuZMlFCM9eah1GbCVGRwcvLuCHDWfqUhIS6WqLO6jFK3GJHRQrD+OTID/mS3grl3gqGJ76QsOTpNsRw==}
    engines: {node: '>= 0.2.5'}

  ipaddr.js@1.9.1:
    resolution: {integrity: sha512-0KI/607xoxSToH7GjN1FfSbLoU0+btTicjsQSWQlh/hZykN8KpmMf7uYwPW3R+akZ6R/w18ZlXSHBYXiYUPO3g==}
    engines: {node: '>= 0.10'}

  localstorage-memory@1.0.3:
    resolution: {integrity: sha512-t9P8WB6DcVttbw/W4PIE8HOqum8Qlvx5SjR6oInwR9Uia0EEmyUeBh7S+weKByW+l/f45Bj4L/dgZikGFDM6ng==}

  native-dns-cache@0.0.2:
    resolution: {integrity: sha512-09HXHdb/updxfigaFbR53F8nCKqxM8WuHfTWBsusVlwSSZZ3qwWRdD6Kx2x8HBI1Q5IaycwcJOvBoXZWJNfVEg==}
    engines: {node: '>= 0.5.0'}

  native-dns-packet@0.1.1:
    resolution: {integrity: sha512-j1XxnFFTUB7mujma468WyAOmyVtkuuLTelxJF13tSTIPO56X7bHALrG0G4jFQnvyTPCt4VnFiZezWpfKbaHc+g==}
    engines: {node: '>= 0.5.0'}

  native-dns@0.7.0:
    resolution: {integrity: sha512-tqpWBqpfeCgjdl3fMuKH0wXTGa9eQtT28H910QHZ1TRMK0pAdet8/LS6xRA5fNfO33u3JYcnc5wggWuHLnb5GQ==}
    engines: {node: '>= 0.5.0'}

  verror@1.10.1:
    resolution: {integrity: sha512-veufcmxri4e3XSrT0xwfUR7kguIkaxBeosDg00yDWhk49wdwkSUrvvsm7nc75e1PUyvIeZj6nS8VQRYz2/S4Xg==}
    engines: {node: '>=0.6.0'}

snapshots:

  assert-plus@1.0.0: {}

  async@1.5.2: {}

  binaryheap@0.0.3: {}

  buffercursor@0.0.12:
    dependencies:
      verror: 1.10.1

  core-util-is@1.0.2: {}

  extsprintf@1.4.1: {}

  ip-range-check@0.2.0:
    dependencies:
      ipaddr.js: 1.9.1

  ipaddr.js@0.1.9: {}

  ipaddr.js@1.9.1: {}

  localstorage-memory@1.0.3: {}

  native-dns-cache@0.0.2:
    dependencies:
      binaryheap: 0.0.3
      native-dns-packet: 0.1.1

  native-dns-packet@0.1.1:
    dependencies:
      buffercursor: 0.0.12
      ipaddr.js: 0.1.9

  native-dns@0.7.0:
    dependencies:
      ipaddr.js: 0.1.9
      native-dns-cache: 0.0.2
      native-dns-packet: 0.1.1

  verror@1.10.1:
    dependencies:
      assert-plus: 1.0.0
      core-util-is: 1.0.2
      extsprintf: 1.4.1
